{
  "nodes": {
    "flake-fhs": {
      "inputs": {
        "nixpkgs": [
          "nixpkgs"
        ]
      },
      "locked": {
        "lastModified": 1784948645,
        "narHash": "sha256-qsM8stwS3ZvLrzR8pX1TGJIkjQGrgvvymRHNMTY7BeE=",
        "ref": "master",
        "rev": "ff97730dd54c2b027b1c1c6f598c70d1ad10e6db",
        "shallow": true,
        "type": "git",
        "url": "file:/home/lc/ws/flake-fhs"
      },
      "original": {
        "ref": "master",
        "shallow": true,
        "type": "git",
        "url": "file:/home/lc/ws/flake-fhs"
      }
    },
    "nixpkgs": {
      "locked": {
        "lastModified": 1783693695,
        "narHash": "sha256-ll8SjCNgwWuou5Q64GMjuUrrqRJW1gy3uCMjd+oa9KA=",
        "owner": "NixOS",
        "repo": "nixpkgs",
        "rev": "dc29ee8fa098c86053cc8ef25594738f28be5b6b",
        "type": "github"
      },
      "original": {
        "owner": "NixOS",
        "ref": "nixos-unstable",
        "repo": "nixpkgs",
        "type": "github"
      }
    },
    "root": {
      "inputs": {
        "flake-fhs": "flake-fhs",
        "nixpkgs": "nixpkgs"
      }
    }
  },
  "root": "root",
  "version": 7
}
