{
  "nodes": {
    "flake-fhs": {
      "inputs": {
        "nixpkgs": [
          "nixpkgs"
        ]
      },
      "locked": {
        "lastModified": 1770621792,
        "narHash": "sha256-rdCTunOGXCJQjTbMrNKA259k+FK2GpNgutM+9gfwlpE=",
        "owner": "luochen1990",
        "repo": "flake-fhs",
        "rev": "48d3ac5b8d46516d8adc0bd35b5287813a0c4f6c",
        "type": "github"
      },
      "original": {
        "owner": "luochen1990",
        "repo": "flake-fhs",
        "type": "github"
      }
    },
    "nixpkgs": {
      "locked": {
        "lastModified": 1770197578,
        "narHash": "sha256-AYqlWrX09+HvGs8zM6ebZ1pwUqjkfpnv8mewYwAo+iM=",
        "owner": "NixOS",
        "repo": "nixpkgs",
        "rev": "00c21e4c93d963c50d4c0c89bfa84ed6e0694df2",
        "type": "github"
      },
      "original": {
        "owner": "NixOS",
        "ref": "nixos-unstable",
        "repo": "nixpkgs",
        "type": "github"
      }
    },
    "root": {
      "inputs": {
        "flake-fhs": "flake-fhs",
        "nixpkgs": "nixpkgs"
      }
    }
  },
  "root": "root",
  "version": 7
}
